
Microsoft Visual Studio Solution File, Format Version 12.00
# Visual Studio Version 16
VisualStudioVersion = 16.0.31105.61
MinimumVisualStudioVersion = 10.0.40219.1
Project("{FAE04EC0-301F-11D3-BF4B-00C04F79EFBC}") = "QuickSort", "QuickSort\QuickSort.csproj", "{B5589B73-7BDE-4527-BDC7-5AF85CE200E8}"
EndProject
Project("{FAE04EC0-301F-11D3-BF4B-00C04F79EFBC}") = "QuicksortTests", "QuicksortTests\QuicksortTests.csproj", "{344F27EF-B7DF-49CD-84C6-444459CCBA8E}"
EndProject
Global
	GlobalSection(SolutionConfigurationPlatforms) = preSolution
		Debug|Any CPU = Debug|Any CPU
		Release|Any CPU = Release|Any CPU
	EndGlobalSection
	GlobalSection(ProjectConfigurationPlatforms) = postSolution
		{B5589B73-7BDE-4527-BDC7-5AF85CE200E8}.Debug|Any CPU.ActiveCfg = Debug|Any CPU
		{B5589B73-7BDE-4527-BDC7-5AF85CE200E8}.Debug|Any CPU.Build.0 = Debug|Any CPU
		{B5589B73-7BDE-4527-BDC7-5AF85CE200E8}.Release|Any CPU.ActiveCfg = Release|Any CPU
		{B5589B73-7BDE-4527-BDC7-5AF85CE200E8}.Release|Any CPU.Build.0 = Release|Any CPU
		{344F27EF-B7DF-49CD-84C6-444459CCBA8E}.Debug|Any CPU.ActiveCfg = Debug|Any CPU
		{344F27EF-B7DF-49CD-84C6-444459CCBA8E}.Debug|Any CPU.Build.0 = Debug|Any CPU
		{344F27EF-B7DF-49CD-84C6-444459CCBA8E}.Release|Any CPU.ActiveCfg = Release|Any CPU
		{344F27EF-B7DF-49CD-84C6-444459CCBA8E}.Release|Any CPU.Build.0 = Release|Any CPU
	EndGlobalSection
	GlobalSection(SolutionProperties) = preSolution
		HideSolutionNode = FALSE
	EndGlobalSection
	GlobalSection(ExtensibilityGlobals) = postSolution
		SolutionGuid = {0FAE971C-ACD3-4EF6-9758-74342E7131AF}
	EndGlobalSection
EndGlobal
