
Microsoft Visual Studio Solution File, Format Version 12.00
# Visual Studio Version 16
VisualStudioVersion = 16.0.31205.134
MinimumVisualStudioVersion = 10.0.40219.1
Project("{9A19103F-16F7-4668-BE54-9A1E7A4F7556}") = "Rap Finands", "Rap Finands.csproj", "{3C45ACD2-E0B0-4D31-A6FC-AC9448158975}"
EndProject
Global
	GlobalSection(SolutionConfigurationPlatforms) = preSolution
		Debug|Any CPU = Debug|Any CPU
		Release|Any CPU = Release|Any CPU
	EndGlobalSection
	GlobalSection(ProjectConfigurationPlatforms) = postSolution
		{3C45ACD2-E0B0-4D31-A6FC-AC9448158975}.Debug|Any CPU.ActiveCfg = Debug|Any CPU
		{3C45ACD2-E0B0-4D31-A6FC-AC9448158975}.Debug|Any CPU.Build.0 = Debug|Any CPU
		{3C45ACD2-E0B0-4D31-A6FC-AC9448158975}.Release|Any CPU.ActiveCfg = Release|Any CPU
		{3C45ACD2-E0B0-4D31-A6FC-AC9448158975}.Release|Any CPU.Build.0 = Release|Any CPU
	EndGlobalSection
	GlobalSection(SolutionProperties) = preSolution
		HideSolutionNode = FALSE
	EndGlobalSection
	GlobalSection(ExtensibilityGlobals) = postSolution
		SolutionGuid = {EACD4981-9178-4A9F-8A25-C43CC50EA070}
	EndGlobalSection
EndGlobal
